
Microsoft Visual Studio Solution File, Format Version 12.00
# Visual Studio Version 17
VisualStudioVersion = 17.4.33213.308
MinimumVisualStudioVersion = 10.0.40219.1
Project("{FAE04EC0-301F-11D3-BF4B-00C04F79EFBC}") = "StringUtility", "StringUtility\StringUtility.csproj", "{005F0ED8-D253-479C-B805-B2ED7509DA0B}"
EndProject
Project("{FAE04EC0-301F-11D3-BF4B-00C04F79EFBC}") = "TestStringUtility", "TestStringUtility\TestStringUtility.csproj", "{5518B7FD-FE2A-4261-9A25-85D940409AAD}"
EndProject
Global
	GlobalSection(SolutionConfigurationPlatforms) = preSolution
		Debug|Any CPU = Debug|Any CPU
		Release|Any CPU = Release|Any CPU
	EndGlobalSection
	GlobalSection(ProjectConfigurationPlatforms) = postSolution
		{005F0ED8-D253-479C-B805-B2ED7509DA0B}.Debug|Any CPU.ActiveCfg = Debug|Any CPU
		{005F0ED8-D253-479C-B805-B2ED7509DA0B}.Debug|Any CPU.Build.0 = Debug|Any CPU
		{005F0ED8-D253-479C-B805-B2ED7509DA0B}.Release|Any CPU.ActiveCfg = Release|Any CPU
		{005F0ED8-D253-479C-B805-B2ED7509DA0B}.Release|Any CPU.Build.0 = Release|Any CPU
		{5518B7FD-FE2A-4261-9A25-85D940409AAD}.Debug|Any CPU.ActiveCfg = Debug|Any CPU
		{5518B7FD-FE2A-4261-9A25-85D940409AAD}.Debug|Any CPU.Build.0 = Debug|Any CPU
		{5518B7FD-FE2A-4261-9A25-85D940409AAD}.Release|Any CPU.ActiveCfg = Release|Any CPU
		{5518B7FD-FE2A-4261-9A25-85D940409AAD}.Release|Any CPU.Build.0 = Release|Any CPU
	EndGlobalSection
	GlobalSection(SolutionProperties) = preSolution
		HideSolutionNode = FALSE
	EndGlobalSection
	GlobalSection(ExtensibilityGlobals) = postSolution
		SolutionGuid = {806D2F28-4311-49C4-980A-B6225DBB5AFB}
	EndGlobalSection
EndGlobal
